// !$*UTF8*$!
{
	archiveVersion = 1;
	classes = {
	};
	objectVersion = 46;
	objects = {

/* Begin PBXBuildFile section */
		3C2FF918BC2C3601AA0A98C0 /* Pods_WordPress_Editor_iOS_Extension_Tests.framework in Frameworks */ = {isa = PBXBuildFile; fileRef = 0736C51535208864BDBD72BC /* Pods_WordPress_Editor_iOS_Extension_Tests.framework */; };
		6003F58E195388D20070C39A /* Foundation.framework in Frameworks */ = {isa = PBXBuildFile; fileRef = 6003F58D195388D20070C39A /* Foundation.framework */; };
		6003F590195388D20070C39A /* CoreGraphics.framework in Frameworks */ = {isa = PBXBuildFile; fileRef = 6003F58F195388D20070C39A /* CoreGraphics.framework */; };
		6003F592195388D20070C39A /* UIKit.framework in Frameworks */ = {isa = PBXBuildFile; fileRef = 6003F591195388D20070C39A /* UIKit.framework */; };
		6003F598195388D20070C39A /* InfoPlist.strings in Resources */ = {isa = PBXBuildFile; fileRef = 6003F596195388D20070C39A /* InfoPlist.strings */; };
		6003F59A195388D20070C39A /* main.m in Sources */ = {isa = PBXBuildFile; fileRef = 6003F599195388D20070C39A /* main.m */; };
		6003F59E195388D20070C39A /* TPFAppDelegate.m in Sources */ = {isa = PBXBuildFile; fileRef = 6003F59D195388D20070C39A /* TPFAppDelegate.m */; };
		6003F5A7195388D20070C39A /* TPFViewController.m in Sources */ = {isa = PBXBuildFile; fileRef = 6003F5A6195388D20070C39A /* TPFViewController.m */; };
		6003F5A9195388D20070C39A /* Images.xcassets in Resources */ = {isa = PBXBuildFile; fileRef = 6003F5A8195388D20070C39A /* Images.xcassets */; };
		6003F5B0195388D20070C39A /* XCTest.framework in Frameworks */ = {isa = PBXBuildFile; fileRef = 6003F5AF195388D20070C39A /* XCTest.framework */; };
		6003F5B1195388D20070C39A /* Foundation.framework in Frameworks */ = {isa = PBXBuildFile; fileRef = 6003F58D195388D20070C39A /* Foundation.framework */; };
		6003F5B2195388D20070C39A /* UIKit.framework in Frameworks */ = {isa = PBXBuildFile; fileRef = 6003F591195388D20070C39A /* UIKit.framework */; };
		6003F5BA195388D20070C39A /* InfoPlist.strings in Resources */ = {isa = PBXBuildFile; fileRef = 6003F5B8195388D20070C39A /* InfoPlist.strings */; };
		6003F5BC195388D20070C39A /* Tests.m in Sources */ = {isa = PBXBuildFile; fileRef = 6003F5BB195388D20070C39A /* Tests.m */; };
		873B8AEB1B1F5CCA007FD442 /* Main.storyboard in Resources */ = {isa = PBXBuildFile; fileRef = 873B8AEA1B1F5CCA007FD442 /* Main.storyboard */; };
		BA70A2951CE7707300333A2F /* LNNotification.m in Sources */ = {isa = PBXBuildFile; fileRef = BA70A2811CE7707300333A2F /* LNNotification.m */; };
		BA70A2961CE7707300333A2F /* LNNotificationCenter.m in Sources */ = {isa = PBXBuildFile; fileRef = BA70A2831CE7707300333A2F /* LNNotificationCenter.m */; };
		BA70A2971CE7707300333A2F /* LNNotificationView.m in Sources */ = {isa = PBXBuildFile; fileRef = BA70A2861CE7707300333A2F /* LNNotificationView.m */; };
		BA70A2981CE7707300333A2F /* LNNotificationWindow.m in Sources */ = {isa = PBXBuildFile; fileRef = BA70A2881CE7707300333A2F /* LNNotificationWindow.m */; };
		BA70A2991CE7707300333A2F /* publishedArticleViewModel.m in Sources */ = {isa = PBXBuildFile; fileRef = BA70A28A1CE7707300333A2F /* publishedArticleViewModel.m */; };
		BA70A29C1CE7707300333A2F /* WPImageMetaViewController.m in Sources */ = {isa = PBXBuildFile; fileRef = BA70A2911CE7707300333A2F /* WPImageMetaViewController.m */; };
		BA70A29D1CE7707300333A2F /* WPViewController.m in Sources */ = {isa = PBXBuildFile; fileRef = BA70A2931CE7707300333A2F /* WPViewController.m */; };
		BAD0106C1CEC941800BB68B6 /* Localizable.strings in Resources */ = {isa = PBXBuildFile; fileRef = BAD0106E1CEC941800BB68B6 /* Localizable.strings */; };
		F82EA665081E8B727BFFF7C6 /* Pods_WordPress_Editor_iOS_Extension_Example.framework in Frameworks */ = {isa = PBXBuildFile; fileRef = 1FA949489FD4CC72C4899B93 /* Pods_WordPress_Editor_iOS_Extension_Example.framework */; };
/* End PBXBuildFile section */

/* Begin PBXContainerItemProxy section */
		6003F5B3195388D20070C39A /* PBXContainerItemProxy */ = {
			isa = PBXContainerItemProxy;
			containerPortal = 6003F582195388D10070C39A /* Project object */;
			proxyType = 1;
			remoteGlobalIDString = 6003F589195388D20070C39A;
			remoteInfo = "WordPress-Editor-iOS-Extension";
		};
/* End PBXContainerItemProxy section */

/* Begin PBXFileReference section */
		0736C51535208864BDBD72BC /* Pods_WordPress_Editor_iOS_Extension_Tests.framework */ = {isa = PBXFileReference; explicitFileType = wrapper.framework; includeInIndex = 0; path = Pods_WordPress_Editor_iOS_Extension_Tests.framework; sourceTree = BUILT_PRODUCTS_DIR; };
		1FA949489FD4CC72C4899B93 /* Pods_WordPress_Editor_iOS_Extension_Example.framework */ = {isa = PBXFileReference; explicitFileType = wrapper.framework; includeInIndex = 0; path = Pods_WordPress_Editor_iOS_Extension_Example.framework; sourceTree = BUILT_PRODUCTS_DIR; };
		6003F58A195388D20070C39A /* WordPress-Editor-iOS-Extension_Example.app */ = {isa = PBXFileReference; explicitFileType = wrapper.application; includeInIndex = 0; path = "WordPress-Editor-iOS-Extension_Example.app"; sourceTree = BUILT_PRODUCTS_DIR; };
		6003F58D195388D20070C39A /* Foundation.framework */ = {isa = PBXFileReference; lastKnownFileType = wrapper.framework; name = Foundation.framework; path = System/Library/Frameworks/Foundation.framework; sourceTree = SDKROOT; };
		6003F58F195388D20070C39A /* CoreGraphics.framework */ = {isa = PBXFileReference; lastKnownFileType = wrapper.framework; name = CoreGraphics.framework; path = System/Library/Frameworks/CoreGraphics.framework; sourceTree = SDKROOT; };
		6003F591195388D20070C39A /* UIKit.framework */ = {isa = PBXFileReference; lastKnownFileType = wrapper.framework; name = UIKit.framework; path = System/Library/Frameworks/UIKit.framework; sourceTree = SDKROOT; };
		6003F595195388D20070C39A /* WordPress-Editor-iOS-Extension-Info.plist */ = {isa = PBXFileReference; lastKnownFileType = text.plist.xml; path = "WordPress-Editor-iOS-Extension-Info.plist"; sourceTree = "<group>"; };
		6003F597195388D20070C39A /* en */ = {isa = PBXFileReference; lastKnownFileType = text.plist.strings; name = en; path = en.lproj/InfoPlist.strings; sourceTree = "<group>"; };
		6003F599195388D20070C39A /* main.m */ = {isa = PBXFileReference; lastKnownFileType = sourcecode.c.objc; path = main.m; sourceTree = "<group>"; };
		6003F59B195388D20070C39A /* WordPress-Editor-iOS-Extension-Prefix.pch */ = {isa = PBXFileReference; lastKnownFileType = sourcecode.c.h; path = "WordPress-Editor-iOS-Extension-Prefix.pch"; sourceTree = "<group>"; };
		6003F59C195388D20070C39A /* TPFAppDelegate.h */ = {isa = PBXFileReference; lastKnownFileType = sourcecode.c.h; path = TPFAppDelegate.h; sourceTree = "<group>"; };
		6003F59D195388D20070C39A /* TPFAppDelegate.m */ = {isa = PBXFileReference; lastKnownFileType = sourcecode.c.objc; path = TPFAppDelegate.m; sourceTree = "<group>"; };
		6003F5A5195388D20070C39A /* TPFViewController.h */ = {isa = PBXFileReference; lastKnownFileType = sourcecode.c.h; path = TPFViewController.h; sourceTree = "<group>"; };
		6003F5A6195388D20070C39A /* TPFViewController.m */ = {isa = PBXFileReference; lastKnownFileType = sourcecode.c.objc; path = TPFViewController.m; sourceTree = "<group>"; };
		6003F5A8195388D20070C39A /* Images.xcassets */ = {isa = PBXFileReference; lastKnownFileType = folder.assetcatalog; path = Images.xcassets; sourceTree = "<group>"; };
		6003F5AE195388D20070C39A /* WordPress-Editor-iOS-Extension_Tests.xctest */ = {isa = PBXFileReference; explicitFileType = wrapper.cfbundle; includeInIndex = 0; path = "WordPress-Editor-iOS-Extension_Tests.xctest"; sourceTree = BUILT_PRODUCTS_DIR; };
		6003F5AF195388D20070C39A /* XCTest.framework */ = {isa = PBXFileReference; lastKnownFileType = wrapper.framework; name = XCTest.framework; path = Library/Frameworks/XCTest.framework; sourceTree = DEVELOPER_DIR; };
		6003F5B7195388D20070C39A /* Tests-Info.plist */ = {isa = PBXFileReference; lastKnownFileType = text.plist.xml; path = "Tests-Info.plist"; sourceTree = "<group>"; };
		6003F5B9195388D20070C39A /* en */ = {isa = PBXFileReference; lastKnownFileType = text.plist.strings; name = en; path = en.lproj/InfoPlist.strings; sourceTree = "<group>"; };
		6003F5BB195388D20070C39A /* Tests.m */ = {isa = PBXFileReference; lastKnownFileType = sourcecode.c.objc; path = Tests.m; sourceTree = "<group>"; };
		606FC2411953D9B200FFA9A0 /* Tests-Prefix.pch */ = {isa = PBXFileReference; lastKnownFileType = sourcecode.c.h; path = "Tests-Prefix.pch"; sourceTree = "<group>"; };
		66941A78E8F6E9D0E85AD73D /* Pods-WordPress-Editor-iOS-Extension_Tests.release.xcconfig */ = {isa = PBXFileReference; includeInIndex = 1; lastKnownFileType = text.xcconfig; name = "Pods-WordPress-Editor-iOS-Extension_Tests.release.xcconfig"; path = "Pods/Target Support Files/Pods-WordPress-Editor-iOS-Extension_Tests/Pods-WordPress-Editor-iOS-Extension_Tests.release.xcconfig"; sourceTree = "<group>"; };
		873B8AEA1B1F5CCA007FD442 /* Main.storyboard */ = {isa = PBXFileReference; fileEncoding = 4; lastKnownFileType = file.storyboard; path = Main.storyboard; sourceTree = "<group>"; };
		8B3E262A038BD3C8AABF172C /* README.md */ = {isa = PBXFileReference; includeInIndex = 1; lastKnownFileType = net.daringfireball.markdown; name = README.md; path = ../README.md; sourceTree = "<group>"; };
		9A59C4D52067B3FFF731C742 /* WordPress-Editor-iOS-Extension.podspec */ = {isa = PBXFileReference; includeInIndex = 1; lastKnownFileType = text; name = "WordPress-Editor-iOS-Extension.podspec"; path = "../WordPress-Editor-iOS-Extension.podspec"; sourceTree = "<group>"; };
		9D061F35E9D01FA83C040A10 /* Pods-WordPress-Editor-iOS-Extension_Tests.debug.xcconfig */ = {isa = PBXFileReference; includeInIndex = 1; lastKnownFileType = text.xcconfig; name = "Pods-WordPress-Editor-iOS-Extension_Tests.debug.xcconfig"; path = "Pods/Target Support Files/Pods-WordPress-Editor-iOS-Extension_Tests/Pods-WordPress-Editor-iOS-Extension_Tests.debug.xcconfig"; sourceTree = "<group>"; };
		B87729F07CE81ECF3A36471F /* LICENSE */ = {isa = PBXFileReference; includeInIndex = 1; lastKnownFileType = text; name = LICENSE; path = ../LICENSE; sourceTree = "<group>"; };
		BA70A2801CE7707300333A2F /* LNNotification.h */ = {isa = PBXFileReference; fileEncoding = 4; lastKnownFileType = sourcecode.c.h; path = LNNotification.h; sourceTree = "<group>"; };
		BA70A2811CE7707300333A2F /* LNNotification.m */ = {isa = PBXFileReference; fileEncoding = 4; lastKnownFileType = sourcecode.c.objc; path = LNNotification.m; sourceTree = "<group>"; };
		BA70A2821CE7707300333A2F /* LNNotificationCenter.h */ = {isa = PBXFileReference; fileEncoding = 4; lastKnownFileType = sourcecode.c.h; path = LNNotificationCenter.h; sourceTree = "<group>"; };
		BA70A2831CE7707300333A2F /* LNNotificationCenter.m */ = {isa = PBXFileReference; fileEncoding = 4; lastKnownFileType = sourcecode.c.objc; path = LNNotificationCenter.m; sourceTree = "<group>"; };
		BA70A2841CE7707300333A2F /* LNNotificationsUI.h */ = {isa = PBXFileReference; fileEncoding = 4; lastKnownFileType = sourcecode.c.h; path = LNNotificationsUI.h; sourceTree = "<group>"; };
		BA70A2851CE7707300333A2F /* LNNotificationView.h */ = {isa = PBXFileReference; fileEncoding = 4; lastKnownFileType = sourcecode.c.h; path = LNNotificationView.h; sourceTree = "<group>"; };
		BA70A2861CE7707300333A2F /* LNNotificationView.m */ = {isa = PBXFileReference; fileEncoding = 4; lastKnownFileType = sourcecode.c.objc; path = LNNotificationView.m; sourceTree = "<group>"; };
		BA70A2871CE7707300333A2F /* LNNotificationWindow.h */ = {isa = PBXFileReference; fileEncoding = 4; lastKnownFileType = sourcecode.c.h; path = LNNotificationWindow.h; sourceTree = "<group>"; };
		BA70A2881CE7707300333A2F /* LNNotificationWindow.m */ = {isa = PBXFileReference; fileEncoding = 4; lastKnownFileType = sourcecode.c.objc; path = LNNotificationWindow.m; sourceTree = "<group>"; };
		BA70A2891CE7707300333A2F /* publishedArticleViewModel.h */ = {isa = PBXFileReference; fileEncoding = 4; lastKnownFileType = sourcecode.c.h; path = publishedArticleViewModel.h; sourceTree = "<group>"; };
		BA70A28A1CE7707300333A2F /* publishedArticleViewModel.m */ = {isa = PBXFileReference; fileEncoding = 4; lastKnownFileType = sourcecode.c.objc; path = publishedArticleViewModel.m; sourceTree = "<group>"; };
		BA70A2901CE7707300333A2F /* WPImageMetaViewController.h */ = {isa = PBXFileReference; fileEncoding = 4; lastKnownFileType = sourcecode.c.h; path = WPImageMetaViewController.h; sourceTree = "<group>"; };
		BA70A2911CE7707300333A2F /* WPImageMetaViewController.m */ = {isa = PBXFileReference; fileEncoding = 4; lastKnownFileType = sourcecode.c.objc; path = WPImageMetaViewController.m; sourceTree = "<group>"; };
		BA70A2921CE7707300333A2F /* WPViewController.h */ = {isa = PBXFileReference; fileEncoding = 4; lastKnownFileType = sourcecode.c.h; path = WPViewController.h; sourceTree = "<group>"; };
		BA70A2931CE7707300333A2F /* WPViewController.m */ = {isa = PBXFileReference; fileEncoding = 4; lastKnownFileType = sourcecode.c.objc; path = WPViewController.m; sourceTree = "<group>"; };
		BAD010681CEC93EA00BB68B6 /* zh-Hans */ = {isa = PBXFileReference; lastKnownFileType = text.plist.strings; name = "zh-Hans"; path = "zh-Hans.lproj/InfoPlist.strings"; sourceTree = "<group>"; };
		BAD010691CEC93EA00BB68B6 /* zh-Hans */ = {isa = PBXFileReference; lastKnownFileType = text.plist.strings; name = "zh-Hans"; path = "zh-Hans.lproj/InfoPlist.strings"; sourceTree = "<group>"; };
		BAD0106A1CEC93F300BB68B6 /* zh-Hant */ = {isa = PBXFileReference; lastKnownFileType = text.plist.strings; name = "zh-Hant"; path = "zh-Hant.lproj/InfoPlist.strings"; sourceTree = "<group>"; };
		BAD0106B1CEC93F300BB68B6 /* zh-Hant */ = {isa = PBXFileReference; lastKnownFileType = text.plist.strings; name = "zh-Hant"; path = "zh-Hant.lproj/InfoPlist.strings"; sourceTree = "<group>"; };
		BAD0106D1CEC941800BB68B6 /* en */ = {isa = PBXFileReference; lastKnownFileType = text.plist.strings; name = en; path = en.lproj/Localizable.strings; sourceTree = "<group>"; };
		BAD0106F1CEC941C00BB68B6 /* zh-Hans */ = {isa = PBXFileReference; lastKnownFileType = text.plist.strings; name = "zh-Hans"; path = "zh-Hans.lproj/Localizable.strings"; sourceTree = "<group>"; };
		BAD010701CEC941E00BB68B6 /* zh-Hant */ = {isa = PBXFileReference; lastKnownFileType = text.plist.strings; name = "zh-Hant"; path = "zh-Hant.lproj/Localizable.strings"; sourceTree = "<group>"; };
		D3442A2B4EE10D4B486EDF13 /* Pods-WordPress-Editor-iOS-Extension_Example.debug.xcconfig */ = {isa = PBXFileReference; includeInIndex = 1; lastKnownFileType = text.xcconfig; name = "Pods-WordPress-Editor-iOS-Extension_Example.debug.xcconfig"; path = "Pods/Target Support Files/Pods-WordPress-Editor-iOS-Extension_Example/Pods-WordPress-Editor-iOS-Extension_Example.debug.xcconfig"; sourceTree = "<group>"; };
		E9D73E773837619D660594A2 /* Pods-WordPress-Editor-iOS-Extension_Example.release.xcconfig */ = {isa = PBXFileReference; includeInIndex = 1; lastKnownFileType = text.xcconfig; name = "Pods-WordPress-Editor-iOS-Extension_Example.release.xcconfig"; path = "Pods/Target Support Files/Pods-WordPress-Editor-iOS-Extension_Example/Pods-WordPress-Editor-iOS-Extension_Example.release.xcconfig"; sourceTree = "<group>"; };
/* End PBXFileReference section */

/* Begin PBXFrameworksBuildPhase section */
		6003F587195388D20070C39A /* Frameworks */ = {
			isa = PBXFrameworksBuildPhase;
			buildActionMask = 2147483647;
			files = (
				6003F590195388D20070C39A /* CoreGraphics.framework in Frameworks */,
				6003F592195388D20070C39A /* UIKit.framework in Frameworks */,
				6003F58E195388D20070C39A /* Foundation.framework in Frameworks */,
				F82EA665081E8B727BFFF7C6 /* Pods_WordPress_Editor_iOS_Extension_Example.framework in Frameworks */,
			);
			runOnlyForDeploymentPostprocessing = 0;
		};
		6003F5AB195388D20070C39A /* Frameworks */ = {
			isa = PBXFrameworksBuildPhase;
			buildActionMask = 2147483647;
			files = (
				6003F5B0195388D20070C39A /* XCTest.framework in Frameworks */,
				6003F5B2195388D20070C39A /* UIKit.framework in Frameworks */,
				6003F5B1195388D20070C39A /* Foundation.framework in Frameworks */,
				3C2FF918BC2C3601AA0A98C0 /* Pods_WordPress_Editor_iOS_Extension_Tests.framework in Frameworks */,
			);
			runOnlyForDeploymentPostprocessing = 0;
		};
/* End PBXFrameworksBuildPhase section */

/* Begin PBXGroup section */
		6003F581195388D10070C39A = {
			isa = PBXGroup;
			children = (
				60FF7A9C1954A5C5007DD14C /* Podspec Metadata */,
				6003F593195388D20070C39A /* Example for WordPress-Editor-iOS-Extension */,
				6003F5B5195388D20070C39A /* Tests */,
				6003F58C195388D20070C39A /* Frameworks */,
				6003F58B195388D20070C39A /* Products */,
				80E8BF02DC001298BA314E84 /* Pods */,
			);
			sourceTree = "<group>";
		};
		6003F58B195388D20070C39A /* Products */ = {
			isa = PBXGroup;
			children = (
				6003F58A195388D20070C39A /* WordPress-Editor-iOS-Extension_Example.app */,
				6003F5AE195388D20070C39A /* WordPress-Editor-iOS-Extension_Tests.xctest */,
			);
			name = Products;
			sourceTree = "<group>";
		};
		6003F58C195388D20070C39A /* Frameworks */ = {
			isa = PBXGroup;
			children = (
				6003F58D195388D20070C39A /* Foundation.framework */,
				6003F58F195388D20070C39A /* CoreGraphics.framework */,
				6003F591195388D20070C39A /* UIKit.framework */,
				6003F5AF195388D20070C39A /* XCTest.framework */,
				1FA949489FD4CC72C4899B93 /* Pods_WordPress_Editor_iOS_Extension_Example.framework */,
				0736C51535208864BDBD72BC /* Pods_WordPress_Editor_iOS_Extension_Tests.framework */,
			);
			name = Frameworks;
			sourceTree = "<group>";
		};
		6003F593195388D20070C39A /* Example for WordPress-Editor-iOS-Extension */ = {
			isa = PBXGroup;
			children = (
				BA70A27F1CE7707300333A2F /* LNNotificationsUI */,
				BA70A2891CE7707300333A2F /* publishedArticleViewModel.h */,
				BA70A28A1CE7707300333A2F /* publishedArticleViewModel.m */,
				BA70A2901CE7707300333A2F /* WPImageMetaViewController.h */,
				BA70A2911CE7707300333A2F /* WPImageMetaViewController.m */,
				BA70A2921CE7707300333A2F /* WPViewController.h */,
				BA70A2931CE7707300333A2F /* WPViewController.m */,
				6003F59C195388D20070C39A /* TPFAppDelegate.h */,
				6003F59D195388D20070C39A /* TPFAppDelegate.m */,
				873B8AEA1B1F5CCA007FD442 /* Main.storyboard */,
				6003F5A5195388D20070C39A /* TPFViewController.h */,
				6003F5A6195388D20070C39A /* TPFViewController.m */,
				6003F5A8195388D20070C39A /* Images.xcassets */,
				6003F594195388D20070C39A /* Supporting Files */,
			);
			name = "Example for WordPress-Editor-iOS-Extension";
			path = "WordPress-Editor-iOS-Extension";
			sourceTree = "<group>";
		};
		6003F594195388D20070C39A /* Supporting Files */ = {
			isa = PBXGroup;
			children = (
				6003F595195388D20070C39A /* WordPress-Editor-iOS-Extension-Info.plist */,
				6003F596195388D20070C39A /* InfoPlist.strings */,
				BAD0106E1CEC941800BB68B6 /* Localizable.strings */,
				6003F599195388D20070C39A /* main.m */,
				6003F59B195388D20070C39A /* WordPress-Editor-iOS-Extension-Prefix.pch */,
			);
			name = "Supporting Files";
			sourceTree = "<group>";
		};
		6003F5B5195388D20070C39A /* Tests */ = {
			isa = PBXGroup;
			children = (
				6003F5BB195388D20070C39A /* Tests.m */,
				6003F5B6195388D20070C39A /* Supporting Files */,
			);
			path = Tests;
			sourceTree = "<group>";
		};
		6003F5B6195388D20070C39A /* Supporting Files */ = {
			isa = PBXGroup;
			children = (
				6003F5B7195388D20070C39A /* Tests-Info.plist */,
				6003F5B8195388D20070C39A /* InfoPlist.strings */,
				606FC2411953D9B200FFA9A0 /* Tests-Prefix.pch */,
			);
			name = "Supporting Files";
			sourceTree = "<group>";
		};
		60FF7A9C1954A5C5007DD14C /* Podspec Metadata */ = {
			isa = PBXGroup;
			children = (
				9A59C4D52067B3FFF731C742 /* WordPress-Editor-iOS-Extension.podspec */,
				8B3E262A038BD3C8AABF172C /* README.md */,
				B87729F07CE81ECF3A36471F /* LICENSE */,
			);
			name = "Podspec Metadata";
			sourceTree = "<group>";
		};
		80E8BF02DC001298BA314E84 /* Pods */ = {
			isa = PBXGroup;
			children = (
				D3442A2B4EE10D4B486EDF13 /* Pods-WordPress-Editor-iOS-Extension_Example.debug.xcconfig */,
				E9D73E773837619D660594A2 /* Pods-WordPress-Editor-iOS-Extension_Example.release.xcconfig */,
				9D061F35E9D01FA83C040A10 /* Pods-WordPress-Editor-iOS-Extension_Tests.debug.xcconfig */,
				66941A78E8F6E9D0E85AD73D /* Pods-WordPress-Editor-iOS-Extension_Tests.release.xcconfig */,
			);
			name = Pods;
			sourceTree = "<group>";
		};
		BA70A27F1CE7707300333A2F /* LNNotificationsUI */ = {
			isa = PBXGroup;
			children = (
				BA70A2801CE7707300333A2F /* LNNotification.h */,
				BA70A2811CE7707300333A2F /* LNNotification.m */,
				BA70A2821CE7707300333A2F /* LNNotificationCenter.h */,
				BA70A2831CE7707300333A2F /* LNNotificationCenter.m */,
				BA70A2841CE7707300333A2F /* LNNotificationsUI.h */,
				BA70A2851CE7707300333A2F /* LNNotificationView.h */,
				BA70A2861CE7707300333A2F /* LNNotificationView.m */,
				BA70A2871CE7707300333A2F /* LNNotificationWindow.h */,
				BA70A2881CE7707300333A2F /* LNNotificationWindow.m */,
			);
			path = LNNotificationsUI;
			sourceTree = "<group>";
		};
/* End PBXGroup section */

/* Begin PBXNativeTarget section */
		6003F589195388D20070C39A /* WordPress-Editor-iOS-Extension_Example */ = {
			isa = PBXNativeTarget;
			buildConfigurationList = 6003F5BF195388D20070C39A /* Build configuration list for PBXNativeTarget "WordPress-Editor-iOS-Extension_Example" */;
			buildPhases = (
				C9D290D7D38E858904326674 /* 📦 Check Pods Manifest.lock */,
				6003F586195388D20070C39A /* Sources */,
				6003F587195388D20070C39A /* Frameworks */,
				6003F588195388D20070C39A /* Resources */,
				5202AF862547A0D164DF0A99 /* 📦 Embed Pods Frameworks */,
				A77094124295F3A079A974E1 /* 📦 Copy Pods Resources */,
			);
			buildRules = (
			);
			dependencies = (
			);
			name = "WordPress-Editor-iOS-Extension_Example";
			productName = "WordPress-Editor-iOS-Extension";
			productReference = 6003F58A195388D20070C39A /* WordPress-Editor-iOS-Extension_Example.app */;
			productType = "com.apple.product-type.application";
		};
		6003F5AD195388D20070C39A /* WordPress-Editor-iOS-Extension_Tests */ = {
			isa = PBXNativeTarget;
			buildConfigurationList = 6003F5C2195388D20070C39A /* Build configuration list for PBXNativeTarget "WordPress-Editor-iOS-Extension_Tests" */;
			buildPhases = (
				4D893DA105EFC8084EC95691 /* 📦 Check Pods Manifest.lock */,
				6003F5AA195388D20070C39A /* Sources */,
				6003F5AB195388D20070C39A /* Frameworks */,
				6003F5AC195388D20070C39A /* Resources */,
				1C07481BBF6B2CA58E7214AC /* 📦 Embed Pods Frameworks */,
				AEE84A19A379AEB1D234AD73 /* 📦 Copy Pods Resources */,
			);
			buildRules = (
			);
			dependencies = (
				6003F5B4195388D20070C39A /* PBXTargetDependency */,
			);
			name = "WordPress-Editor-iOS-Extension_Tests";
			productName = "WordPress-Editor-iOS-ExtensionTests";
			productReference = 6003F5AE195388D20070C39A /* WordPress-Editor-iOS-Extension_Tests.xctest */;
			productType = "com.apple.product-type.bundle.unit-test";
		};
/* End PBXNativeTarget section */

/* Begin PBXProject section */
		6003F582195388D10070C39A /* Project object */ = {
			isa = PBXProject;
			attributes = {
				CLASSPREFIX = TPF;
				LastUpgradeCheck = 0720;
				ORGANIZATIONNAME = tianpengfei;
				TargetAttributes = {
					6003F5AD195388D20070C39A = {
						TestTargetID = 6003F589195388D20070C39A;
					};
				};
			};
			buildConfigurationList = 6003F585195388D10070C39A /* Build configuration list for PBXProject "WordPress-Editor-iOS-Extension" */;
			compatibilityVersion = "Xcode 3.2";
			developmentRegion = English;
			hasScannedForEncodings = 0;
			knownRegions = (
				en,
				Base,
				"zh-Hans",
				"zh-Hant",
			);
			mainGroup = 6003F581195388D10070C39A;
			productRefGroup = 6003F58B195388D20070C39A /* Products */;
			projectDirPath = "";
			projectRoot = "";
			targets = (
				6003F589195388D20070C39A /* WordPress-Editor-iOS-Extension_Example */,
				6003F5AD195388D20070C39A /* WordPress-Editor-iOS-Extension_Tests */,
			);
		};
/* End PBXProject section */

/* Begin PBXResourcesBuildPhase section */
		6003F588195388D20070C39A /* Resources */ = {
			isa = PBXResourcesBuildPhase;
			buildActionMask = 2147483647;
			files = (
				873B8AEB1B1F5CCA007FD442 /* Main.storyboard in Resources */,
				BAD0106C1CEC941800BB68B6 /* Localizable.strings in Resources */,
				6003F5A9195388D20070C39A /* Images.xcassets in Resources */,
				6003F598195388D20070C39A /* InfoPlist.strings in Resources */,
			);
			runOnlyForDeploymentPostprocessing = 0;
		};
		6003F5AC195388D20070C39A /* Resources */ = {
			isa = PBXResourcesBuildPhase;
			buildActionMask = 2147483647;
			files = (
				6003F5BA195388D20070C39A /* InfoPlist.strings in Resources */,
			);
			runOnlyForDeploymentPostprocessing = 0;
		};
/* End PBXResourcesBuildPhase section */

/* Begin PBXShellScriptBuildPhase section */
		1C07481BBF6B2CA58E7214AC /* 📦 Embed Pods Frameworks */ = {
			isa = PBXShellScriptBuildPhase;
			buildActionMask = 2147483647;
			files = (
			);
			inputPaths = (
			);
			name = "📦 Embed Pods Frameworks";
			outputPaths = (
			);
			runOnlyForDeploymentPostprocessing = 0;
			shellPath = /bin/sh;
			shellScript = "\"${SRCROOT}/Pods/Target Support Files/Pods-WordPress-Editor-iOS-Extension_Tests/Pods-WordPress-Editor-iOS-Extension_Tests-frameworks.sh\"\n";
			showEnvVarsInLog = 0;
		};
		4D893DA105EFC8084EC95691 /* 📦 Check Pods Manifest.lock */ = {
			isa = PBXShellScriptBuildPhase;
			buildActionMask = 2147483647;
			files = (
			);
			inputPaths = (
			);
			name = "📦 Check Pods Manifest.lock";
			outputPaths = (
			);
			runOnlyForDeploymentPostprocessing = 0;
			shellPath = /bin/sh;
			shellScript = "diff \"${PODS_ROOT}/../Podfile.lock\" \"${PODS_ROOT}/Manifest.lock\" > /dev/null\nif [[ $? != 0 ]] ; then\n    cat << EOM\nerror: The sandbox is not in sync with the Podfile.lock. Run 'pod install' or update your CocoaPods installation.\nEOM\n    exit 1\nfi\n";
			showEnvVarsInLog = 0;
		};
		5202AF862547A0D164DF0A99 /* 📦 Embed Pods Frameworks */ = {
			isa = PBXShellScriptBuildPhase;
			buildActionMask = 2147483647;
			files = (
			);
			inputPaths = (
			);
			name = "📦 Embed Pods Frameworks";
			outputPaths = (
			);
			runOnlyForDeploymentPostprocessing = 0;
			shellPath = /bin/sh;
			shellScript = "\"${SRCROOT}/Pods/Target Support Files/Pods-WordPress-Editor-iOS-Extension_Example/Pods-WordPress-Editor-iOS-Extension_Example-frameworks.sh\"\n";
			showEnvVarsInLog = 0;
		};
		A77094124295F3A079A974E1 /* 📦 Copy Pods Resources */ = {
			isa = PBXShellScriptBuildPhase;
			buildActionMask = 2147483647;
			files = (
			);
			inputPaths = (
			);
			name = "📦 Copy Pods Resources";
			outputPaths = (
			);
			runOnlyForDeploymentPostprocessing = 0;
			shellPath = /bin/sh;
			shellScript = "\"${SRCROOT}/Pods/Target Support Files/Pods-WordPress-Editor-iOS-Extension_Example/Pods-WordPress-Editor-iOS-Extension_Example-resources.sh\"\n";
			showEnvVarsInLog = 0;
		};
		AEE84A19A379AEB1D234AD73 /* 📦 Copy Pods Resources */ = {
			isa = PBXShellScriptBuildPhase;
			buildActionMask = 2147483647;
			files = (
			);
			inputPaths = (
			);
			name = "📦 Copy Pods Resources";
			outputPaths = (
			);
			runOnlyForDeploymentPostprocessing = 0;
			shellPath = /bin/sh;
			shellScript = "\"${SRCROOT}/Pods/Target Support Files/Pods-WordPress-Editor-iOS-Extension_Tests/Pods-WordPress-Editor-iOS-Extension_Tests-resources.sh\"\n";
			showEnvVarsInLog = 0;
		};
		C9D290D7D38E858904326674 /* 📦 Check Pods Manifest.lock */ = {
			isa = PBXShellScriptBuildPhase;
			buildActionMask = 2147483647;
			files = (
			);
			inputPaths = (
			);
			name = "📦 Check Pods Manifest.lock";
			outputPaths = (
			);
			runOnlyForDeploymentPostprocessing = 0;
			shellPath = /bin/sh;
			shellScript = "diff \"${PODS_ROOT}/../Podfile.lock\" \"${PODS_ROOT}/Manifest.lock\" > /dev/null\nif [[ $? != 0 ]] ; then\n    cat << EOM\nerror: The sandbox is not in sync with the Podfile.lock. Run 'pod install' or update your CocoaPods installation.\nEOM\n    exit 1\nfi\n";
			showEnvVarsInLog = 0;
		};
/* End PBXShellScriptBuildPhase section */

/* Begin PBXSourcesBuildPhase section */
		6003F586195388D20070C39A /* Sources */ = {
			isa = PBXSourcesBuildPhase;
			buildActionMask = 2147483647;
			files = (
				BA70A29D1CE7707300333A2F /* WPViewController.m in Sources */,
				6003F59E195388D20070C39A /* TPFAppDelegate.m in Sources */,
				BA70A2981CE7707300333A2F /* LNNotificationWindow.m in Sources */,
				BA70A2951CE7707300333A2F /* LNNotification.m in Sources */,
				BA70A29C1CE7707300333A2F /* WPImageMetaViewController.m in Sources */,
				BA70A2971CE7707300333A2F /* LNNotificationView.m in Sources */,
				BA70A2991CE7707300333A2F /* publishedArticleViewModel.m in Sources */,
				BA70A2961CE7707300333A2F /* LNNotificationCenter.m in Sources */,
				6003F5A7195388D20070C39A /* TPFViewController.m in Sources */,
				6003F59A195388D20070C39A /* main.m in Sources */,
			);
			runOnlyForDeploymentPostprocessing = 0;
		};
		6003F5AA195388D20070C39A /* Sources */ = {
			isa = PBXSourcesBuildPhase;
			buildActionMask = 2147483647;
			files = (
				6003F5BC195388D20070C39A /* Tests.m in Sources */,
			);
			runOnlyForDeploymentPostprocessing = 0;
		};
/* End PBXSourcesBuildPhase section */

/* Begin PBXTargetDependency section */
		6003F5B4195388D20070C39A /* PBXTargetDependency */ = {
			isa = PBXTargetDependency;
			target = 6003F589195388D20070C39A /* WordPress-Editor-iOS-Extension_Example */;
			targetProxy = 6003F5B3195388D20070C39A /* PBXContainerItemProxy */;
		};
/* End PBXTargetDependency section */

/* Begin PBXVariantGroup section */
		6003F596195388D20070C39A /* InfoPlist.strings */ = {
			isa = PBXVariantGroup;
			children = (
				6003F597195388D20070C39A /* en */,
				BAD010681CEC93EA00BB68B6 /* zh-Hans */,
				BAD0106A1CEC93F300BB68B6 /* zh-Hant */,
			);
			name = InfoPlist.strings;
			sourceTree = "<group>";
		};
		6003F5B8195388D20070C39A /* InfoPlist.strings */ = {
			isa = PBXVariantGroup;
			children = (
				6003F5B9195388D20070C39A /* en */,
				BAD010691CEC93EA00BB68B6 /* zh-Hans */,
				BAD0106B1CEC93F300BB68B6 /* zh-Hant */,
			);
			name = InfoPlist.strings;
			sourceTree = "<group>";
		};
		BAD0106E1CEC941800BB68B6 /* Localizable.strings */ = {
			isa = PBXVariantGroup;
			children = (
				BAD0106D1CEC941800BB68B6 /* en */,
				BAD0106F1CEC941C00BB68B6 /* zh-Hans */,
				BAD010701CEC941E00BB68B6 /* zh-Hant */,
			);
			name = Localizable.strings;
			sourceTree = SOURCE_ROOT;
		};
/* End PBXVariantGroup section */

/* Begin XCBuildConfiguration section */
		6003F5BD195388D20070C39A /* Debug */ = {
			isa = XCBuildConfiguration;
			buildSettings = {
				ALWAYS_SEARCH_USER_PATHS = NO;
				CLANG_CXX_LANGUAGE_STANDARD = "gnu++0x";
				CLANG_CXX_LIBRARY = "libc++";
				CLANG_ENABLE_MODULES = YES;
				CLANG_ENABLE_OBJC_ARC = YES;
				CLANG_WARN_BOOL_CONVERSION = YES;
				CLANG_WARN_CONSTANT_CONVERSION = YES;
				CLANG_WARN_DIRECT_OBJC_ISA_USAGE = YES_ERROR;
				CLANG_WARN_EMPTY_BODY = YES;
				CLANG_WARN_ENUM_CONVERSION = YES;
				CLANG_WARN_INT_CONVERSION = YES;
				CLANG_WARN_OBJC_ROOT_CLASS = YES_ERROR;
				CLANG_WARN__DUPLICATE_METHOD_MATCH = YES;
				"CODE_SIGN_IDENTITY[sdk=iphoneos*]" = "iPhone Developer";
				COPY_PHASE_STRIP = NO;
				ENABLE_TESTABILITY = YES;
				GCC_C_LANGUAGE_STANDARD = gnu99;
				GCC_DYNAMIC_NO_PIC = NO;
				GCC_OPTIMIZATION_LEVEL = 0;
				GCC_PREPROCESSOR_DEFINITIONS = (
					"DEBUG=1",
					"$(inherited)",
				);
				GCC_SYMBOLS_PRIVATE_EXTERN = NO;
				GCC_WARN_64_TO_32_BIT_CONVERSION = YES;
				GCC_WARN_ABOUT_RETURN_TYPE = YES_ERROR;
				GCC_WARN_UNDECLARED_SELECTOR = YES;
				GCC_WARN_UNINITIALIZED_AUTOS = YES_AGGRESSIVE;
				GCC_WARN_UNUSED_FUNCTION = YES;
				GCC_WARN_UNUSED_VARIABLE = YES;
				IPHONEOS_DEPLOYMENT_TARGET = 8.3;
				ONLY_ACTIVE_ARCH = YES;
				SDKROOT = iphoneos;
				TARGETED_DEVICE_FAMILY = "1,2";
			};
			name = Debug;
		};
		6003F5BE195388D20070C39A /* Release */ = {
			isa = XCBuildConfiguration;
			buildSettings = {
				ALWAYS_SEARCH_USER_PATHS = NO;
				CLANG_CXX_LANGUAGE_STANDARD = "gnu++0x";
				CLANG_CXX_LIBRARY = "libc++";
				CLANG_ENABLE_MODULES = YES;
				CLANG_ENABLE_OBJC_ARC = YES;
				CLANG_WARN_BOOL_CONVERSION = YES;
				CLANG_WARN_CONSTANT_CONVERSION = YES;
				CLANG_WARN_DIRECT_OBJC_ISA_USAGE = YES_ERROR;
				CLANG_WARN_EMPTY_BODY = YES;
				CLANG_WARN_ENUM_CONVERSION = YES;
				CLANG_WARN_INT_CONVERSION = YES;
				CLANG_WARN_OBJC_ROOT_CLASS = YES_ERROR;
				CLANG_WARN__DUPLICATE_METHOD_MATCH = YES;
				"CODE_SIGN_IDENTITY[sdk=iphoneos*]" = "iPhone Developer";
				COPY_PHASE_STRIP = YES;
				ENABLE_NS_ASSERTIONS = NO;
				GCC_C_LANGUAGE_STANDARD = gnu99;
				GCC_WARN_64_TO_32_BIT_CONVERSION = YES;
				GCC_WARN_ABOUT_RETURN_TYPE = YES_ERROR;
				GCC_WARN_UNDECLARED_SELECTOR = YES;
				GCC_WARN_UNINITIALIZED_AUTOS = YES_AGGRESSIVE;
				GCC_WARN_UNUSED_FUNCTION = YES;
				GCC_WARN_UNUSED_VARIABLE = YES;
				IPHONEOS_DEPLOYMENT_TARGET = 8.3;
				SDKROOT = iphoneos;
				TARGETED_DEVICE_FAMILY = "1,2";
				VALIDATE_PRODUCT = YES;
			};
			name = Release;
		};
		6003F5C0195388D20070C39A /* Debug */ = {
			isa = XCBuildConfiguration;
			baseConfigurationReference = D3442A2B4EE10D4B486EDF13 /* Pods-WordPress-Editor-iOS-Extension_Example.debug.xcconfig */;
			buildSettings = {
				ASSETCATALOG_COMPILER_APPICON_NAME = AppIcon;
				ASSETCATALOG_COMPILER_LAUNCHIMAGE_NAME = LaunchImage;
				GCC_PRECOMPILE_PREFIX_HEADER = YES;
				GCC_PREFIX_HEADER = "WordPress-Editor-iOS-Extension/WordPress-Editor-iOS-Extension-Prefix.pch";
				INFOPLIST_FILE = "WordPress-Editor-iOS-Extension/WordPress-Editor-iOS-Extension-Info.plist";
				MODULE_NAME = ExampleApp;
				PRODUCT_BUNDLE_IDENTIFIER = "org.cocoapods.demo.${PRODUCT_NAME:rfc1034identifier}";
				PRODUCT_NAME = "$(TARGET_NAME)";
				TARGETED_DEVICE_FAMILY = "1,2";
				WRAPPER_EXTENSION = app;
			};
			name = Debug;
		};
		6003F5C1195388D20070C39A /* Release */ = {
			isa = XCBuildConfiguration;
			baseConfigurationReference = E9D73E773837619D660594A2 /* Pods-WordPress-Editor-iOS-Extension_Example.release.xcconfig */;
			buildSettings = {
				ASSETCATALOG_COMPILER_APPICON_NAME = AppIcon;
				ASSETCATALOG_COMPILER_LAUNCHIMAGE_NAME = LaunchImage;
				GCC_PRECOMPILE_PREFIX_HEADER = YES;
				GCC_PREFIX_HEADER = "WordPress-Editor-iOS-Extension/WordPress-Editor-iOS-Extension-Prefix.pch";
				INFOPLIST_FILE = "WordPress-Editor-iOS-Extension/WordPress-Editor-iOS-Extension-Info.plist";
				MODULE_NAME = ExampleApp;
				PRODUCT_BUNDLE_IDENTIFIER = "org.cocoapods.demo.${PRODUCT_NAME:rfc1034identifier}";
				PRODUCT_NAME = "$(TARGET_NAME)";
				TARGETED_DEVICE_FAMILY = "1,2";
				WRAPPER_EXTENSION = app;
			};
			name = Release;
		};
		6003F5C3195388D20070C39A /* Debug */ = {
			isa = XCBuildConfiguration;
			baseConfigurationReference = 9D061F35E9D01FA83C040A10 /* Pods-WordPress-Editor-iOS-Extension_Tests.debug.xcconfig */;
			buildSettings = {
				BUNDLE_LOADER = "$(TEST_HOST)";
				FRAMEWORK_SEARCH_PATHS = (
					"$(SDKROOT)/Developer/Library/Frameworks",
					"$(inherited)",
					"$(DEVELOPER_FRAMEWORKS_DIR)",
				);
				GCC_PRECOMPILE_PREFIX_HEADER = YES;
				GCC_PREFIX_HEADER = "Tests/Tests-Prefix.pch";
				GCC_PREPROCESSOR_DEFINITIONS = (
					"DEBUG=1",
					"$(inherited)",
				);
				INFOPLIST_FILE = "Tests/Tests-Info.plist";
				PRODUCT_BUNDLE_IDENTIFIER = "org.cocoapods.demo.${PRODUCT_NAME:rfc1034identifier}";
				PRODUCT_NAME = "$(TARGET_NAME)";
				TEST_HOST = "$(BUILT_PRODUCTS_DIR)/WordPress-Editor-iOS-Extension_Example.app/WordPress-Editor-iOS-Extension_Example";
				WRAPPER_EXTENSION = xctest;
			};
			name = Debug;
		};
		6003F5C4195388D20070C39A /* Release */ = {
			isa = XCBuildConfiguration;
			baseConfigurationReference = 66941A78E8F6E9D0E85AD73D /* Pods-WordPress-Editor-iOS-Extension_Tests.release.xcconfig */;
			buildSettings = {
				BUNDLE_LOADER = "$(TEST_HOST)";
				FRAMEWORK_SEARCH_PATHS = (
					"$(SDKROOT)/Developer/Library/Frameworks",
					"$(inherited)",
					"$(DEVELOPER_FRAMEWORKS_DIR)",
				);
				GCC_PRECOMPILE_PREFIX_HEADER = YES;
				GCC_PREFIX_HEADER = "Tests/Tests-Prefix.pch";
				INFOPLIST_FILE = "Tests/Tests-Info.plist";
				PRODUCT_BUNDLE_IDENTIFIER = "org.cocoapods.demo.${PRODUCT_NAME:rfc1034identifier}";
				PRODUCT_NAME = "$(TARGET_NAME)";
				TEST_HOST = "$(BUILT_PRODUCTS_DIR)/WordPress-Editor-iOS-Extension_Example.app/WordPress-Editor-iOS-Extension_Example";
				WRAPPER_EXTENSION = xctest;
			};
			name = Release;
		};
/* End XCBuildConfiguration section */

/* Begin XCConfigurationList section */
		6003F585195388D10070C39A /* Build configuration list for PBXProject "WordPress-Editor-iOS-Extension" */ = {
			isa = XCConfigurationList;
			buildConfigurations = (
				6003F5BD195388D20070C39A /* Debug */,
				6003F5BE195388D20070C39A /* Release */,
			);
			defaultConfigurationIsVisible = 0;
			defaultConfigurationName = Release;
		};
		6003F5BF195388D20070C39A /* Build configuration list for PBXNativeTarget "WordPress-Editor-iOS-Extension_Example" */ = {
			isa = XCConfigurationList;
			buildConfigurations = (
				6003F5C0195388D20070C39A /* Debug */,
				6003F5C1195388D20070C39A /* Release */,
			);
			defaultConfigurationIsVisible = 0;
			defaultConfigurationName = Release;
		};
		6003F5C2195388D20070C39A /* Build configuration list for PBXNativeTarget "WordPress-Editor-iOS-Extension_Tests" */ = {
			isa = XCConfigurationList;
			buildConfigurations = (
				6003F5C3195388D20070C39A /* Debug */,
				6003F5C4195388D20070C39A /* Release */,
			);
			defaultConfigurationIsVisible = 0;
			defaultConfigurationName = Release;
		};
/* End XCConfigurationList section */
	};
	rootObject = 6003F582195388D10070C39A /* Project object */;
}
